
Microsoft Visual Studio Solution File, Format Version 12.00
# Visual Studio Version 17
VisualStudioVersion = 17.6.33829.357
MinimumVisualStudioVersion = 10.0.40219.1
Project("{9A19103F-16F7-4668-BE54-9A1E7A4F7556}") = "BookStoreApp.API", "BookStoreApp.API\BookStoreApp.API.csproj", "{8AEEA03D-0D1B-4808-9021-5781506D02CD}"
EndProject
Project("{9A19103F-16F7-4668-BE54-9A1E7A4F7556}") = "BookStoreApp.Blazor.Server.UI", "BookStoreApp.Blazor.Server.UI\BookStoreApp.Blazor.Server.UI.csproj", "{BCBE5F22-B9F4-44A6-8B92-EEE783E0CF52}"
EndProject
Project("{9A19103F-16F7-4668-BE54-9A1E7A4F7556}") = "BookStoreApp.Blazor.WebAssembly.UI", "BookStoreApp.Blazor.WebAssembly.UI\BookStoreApp.Blazor.WebAssembly.UI.csproj", "{B4DDE761-0FB1-40B2-9D74-8F0B0E0B8582}"
EndProject
Global
	GlobalSection(SolutionConfigurationPlatforms) = preSolution
		Debug|Any CPU = Debug|Any CPU
		Release|Any CPU = Release|Any CPU
	EndGlobalSection
	GlobalSection(ProjectConfigurationPlatforms) = postSolution
		{8AEEA03D-0D1B-4808-9021-5781506D02CD}.Debug|Any CPU.ActiveCfg = Debug|Any CPU
		{8AEEA03D-0D1B-4808-9021-5781506D02CD}.Debug|Any CPU.Build.0 = Debug|Any CPU
		{8AEEA03D-0D1B-4808-9021-5781506D02CD}.Release|Any CPU.ActiveCfg = Release|Any CPU
		{8AEEA03D-0D1B-4808-9021-5781506D02CD}.Release|Any CPU.Build.0 = Release|Any CPU
		{BCBE5F22-B9F4-44A6-8B92-EEE783E0CF52}.Debug|Any CPU.ActiveCfg = Debug|Any CPU
		{BCBE5F22-B9F4-44A6-8B92-EEE783E0CF52}.Debug|Any CPU.Build.0 = Debug|Any CPU
		{BCBE5F22-B9F4-44A6-8B92-EEE783E0CF52}.Release|Any CPU.ActiveCfg = Release|Any CPU
		{BCBE5F22-B9F4-44A6-8B92-EEE783E0CF52}.Release|Any CPU.Build.0 = Release|Any CPU
		{B4DDE761-0FB1-40B2-9D74-8F0B0E0B8582}.Debug|Any CPU.ActiveCfg = Debug|Any CPU
		{B4DDE761-0FB1-40B2-9D74-8F0B0E0B8582}.Debug|Any CPU.Build.0 = Debug|Any CPU
		{B4DDE761-0FB1-40B2-9D74-8F0B0E0B8582}.Release|Any CPU.ActiveCfg = Release|Any CPU
		{B4DDE761-0FB1-40B2-9D74-8F0B0E0B8582}.Release|Any CPU.Build.0 = Release|Any CPU
	EndGlobalSection
	GlobalSection(SolutionProperties) = preSolution
		HideSolutionNode = FALSE
	EndGlobalSection
	GlobalSection(ExtensibilityGlobals) = postSolution
		SolutionGuid = {5B3219AE-E250-4EE2-B57C-8A69A5B99475}
	EndGlobalSection
EndGlobal
