
Microsoft Visual Studio Solution File, Format Version 12.00
# Visual Studio Version 17
VisualStudioVersion = 17.6.33829.357
MinimumVisualStudioVersion = 10.0.40219.1
Project("{FAE04EC0-301F-11D3-BF4B-00C04F79EFBC}") = "BookStoreApp.API", "BookStoreApp.API\BookStoreApp.API.csproj", "{8AEEA03D-0D1B-4808-9021-5781506D02CD}"
EndProject
Global
	GlobalSection(SolutionConfigurationPlatforms) = preSolution
		Debug|Any CPU = Debug|Any CPU
		Release|Any CPU = Release|Any CPU
	EndGlobalSection
	GlobalSection(ProjectConfigurationPlatforms) = postSolution
		{8AEEA03D-0D1B-4808-9021-5781506D02CD}.Debug|Any CPU.ActiveCfg = Debug|Any CPU
		{8AEEA03D-0D1B-4808-9021-5781506D02CD}.Debug|Any CPU.Build.0 = Debug|Any CPU
		{8AEEA03D-0D1B-4808-9021-5781506D02CD}.Release|Any CPU.ActiveCfg = Release|Any CPU
		{8AEEA03D-0D1B-4808-9021-5781506D02CD}.Release|Any CPU.Build.0 = Release|Any CPU
	EndGlobalSection
	GlobalSection(SolutionProperties) = preSolution
		HideSolutionNode = FALSE
	EndGlobalSection
	GlobalSection(ExtensibilityGlobals) = postSolution
		SolutionGuid = {5B3219AE-E250-4EE2-B57C-8A69A5B99475}
	EndGlobalSection
EndGlobal
